
Microsoft Visual Studio Solution File, Format Version 12.00
# Visual Studio Version 17
VisualStudioVersion = 17.1.32228.430
MinimumVisualStudioVersion = 10.0.40219.1
Project("{FAE04EC0-301F-11D3-BF4B-00C04F79EFBC}") = "ShopApp.Android", "ShopApp\ShopApp.Android\ShopApp.Android.csproj", "{C501E015-ED46-4A9B-9A86-E6720049C5EA}"
EndProject
Project("{FAE04EC0-301F-11D3-BF4B-00C04F79EFBC}") = "ShopApp.iOS", "ShopApp\ShopApp.iOS\ShopApp.iOS.csproj", "{136C1CE2-DA63-4795-8FE2-788F653FFB77}"
EndProject
Project("{9A19103F-16F7-4668-BE54-9A1E7A4F7556}") = "ShopApp", "ShopApp\ShopApp\ShopApp.csproj", "{BB7DCD06-91EF-49CC-894F-45D275A10A15}"
EndProject
Global
	GlobalSection(SolutionConfigurationPlatforms) = preSolution
		Debug|Any CPU = Debug|Any CPU
		Debug|iPhone = Debug|iPhone
		Debug|iPhoneSimulator = Debug|iPhoneSimulator
		Release|Any CPU = Release|Any CPU
		Release|iPhone = Release|iPhone
		Release|iPhoneSimulator = Release|iPhoneSimulator
	EndGlobalSection
	GlobalSection(ProjectConfigurationPlatforms) = postSolution
		{C501E015-ED46-4A9B-9A86-E6720049C5EA}.Debug|Any CPU.ActiveCfg = Debug|Any CPU
		{C501E015-ED46-4A9B-9A86-E6720049C5EA}.Debug|Any CPU.Build.0 = Debug|Any CPU
		{C501E015-ED46-4A9B-9A86-E6720049C5EA}.Debug|Any CPU.Deploy.0 = Debug|Any CPU
		{C501E015-ED46-4A9B-9A86-E6720049C5EA}.Debug|iPhone.ActiveCfg = Debug|Any CPU
		{C501E015-ED46-4A9B-9A86-E6720049C5EA}.Debug|iPhone.Build.0 = Debug|Any CPU
		{C501E015-ED46-4A9B-9A86-E6720049C5EA}.Debug|iPhone.Deploy.0 = Debug|Any CPU
		{C501E015-ED46-4A9B-9A86-E6720049C5EA}.Debug|iPhoneSimulator.ActiveCfg = Debug|Any CPU
		{C501E015-ED46-4A9B-9A86-E6720049C5EA}.Debug|iPhoneSimulator.Build.0 = Debug|Any CPU
		{C501E015-ED46-4A9B-9A86-E6720049C5EA}.Debug|iPhoneSimulator.Deploy.0 = Debug|Any CPU
		{C501E015-ED46-4A9B-9A86-E6720049C5EA}.Release|Any CPU.ActiveCfg = Release|Any CPU
		{C501E015-ED46-4A9B-9A86-E6720049C5EA}.Release|Any CPU.Build.0 = Release|Any CPU
		{C501E015-ED46-4A9B-9A86-E6720049C5EA}.Release|Any CPU.Deploy.0 = Release|Any CPU
		{C501E015-ED46-4A9B-9A86-E6720049C5EA}.Release|iPhone.ActiveCfg = Release|Any CPU
		{C501E015-ED46-4A9B-9A86-E6720049C5EA}.Release|iPhone.Build.0 = Release|Any CPU
		{C501E015-ED46-4A9B-9A86-E6720049C5EA}.Release|iPhone.Deploy.0 = Release|Any CPU
		{C501E015-ED46-4A9B-9A86-E6720049C5EA}.Release|iPhoneSimulator.ActiveCfg = Release|Any CPU
		{C501E015-ED46-4A9B-9A86-E6720049C5EA}.Release|iPhoneSimulator.Build.0 = Release|Any CPU
		{C501E015-ED46-4A9B-9A86-E6720049C5EA}.Release|iPhoneSimulator.Deploy.0 = Release|Any CPU
		{136C1CE2-DA63-4795-8FE2-788F653FFB77}.Debug|Any CPU.ActiveCfg = Debug|iPhone
		{136C1CE2-DA63-4795-8FE2-788F653FFB77}.Debug|Any CPU.Build.0 = Debug|iPhone
		{136C1CE2-DA63-4795-8FE2-788F653FFB77}.Debug|Any CPU.Deploy.0 = Debug|iPhone
		{136C1CE2-DA63-4795-8FE2-788F653FFB77}.Debug|iPhone.ActiveCfg = Debug|iPhone
		{136C1CE2-DA63-4795-8FE2-788F653FFB77}.Debug|iPhone.Build.0 = Debug|iPhone
		{136C1CE2-DA63-4795-8FE2-788F653FFB77}.Debug|iPhone.Deploy.0 = Debug|iPhone
		{136C1CE2-DA63-4795-8FE2-788F653FFB77}.Debug|iPhoneSimulator.ActiveCfg = Debug|iPhoneSimulator
		{136C1CE2-DA63-4795-8FE2-788F653FFB77}.Debug|iPhoneSimulator.Build.0 = Debug|iPhoneSimulator
		{136C1CE2-DA63-4795-8FE2-788F653FFB77}.Debug|iPhoneSimulator.Deploy.0 = Debug|iPhoneSimulator
		{136C1CE2-DA63-4795-8FE2-788F653FFB77}.Release|Any CPU.ActiveCfg = Release|iPhoneSimulator
		{136C1CE2-DA63-4795-8FE2-788F653FFB77}.Release|Any CPU.Build.0 = Release|iPhoneSimulator
		{136C1CE2-DA63-4795-8FE2-788F653FFB77}.Release|Any CPU.Deploy.0 = Release|iPhoneSimulator
		{136C1CE2-DA63-4795-8FE2-788F653FFB77}.Release|iPhone.ActiveCfg = Release|iPhone
		{136C1CE2-DA63-4795-8FE2-788F653FFB77}.Release|iPhone.Build.0 = Release|iPhone
		{136C1CE2-DA63-4795-8FE2-788F653FFB77}.Release|iPhone.Deploy.0 = Release|iPhone
		{136C1CE2-DA63-4795-8FE2-788F653FFB77}.Release|iPhoneSimulator.ActiveCfg = Release|iPhoneSimulator
		{136C1CE2-DA63-4795-8FE2-788F653FFB77}.Release|iPhoneSimulator.Build.0 = Release|iPhoneSimulator
		{136C1CE2-DA63-4795-8FE2-788F653FFB77}.Release|iPhoneSimulator.Deploy.0 = Release|iPhoneSimulator
		{BB7DCD06-91EF-49CC-894F-45D275A10A15}.Debug|Any CPU.ActiveCfg = Debug|Any CPU
		{BB7DCD06-91EF-49CC-894F-45D275A10A15}.Debug|Any CPU.Build.0 = Debug|Any CPU
		{BB7DCD06-91EF-49CC-894F-45D275A10A15}.Debug|Any CPU.Deploy.0 = Debug|Any CPU
		{BB7DCD06-91EF-49CC-894F-45D275A10A15}.Debug|iPhone.ActiveCfg = Debug|Any CPU
		{BB7DCD06-91EF-49CC-894F-45D275A10A15}.Debug|iPhone.Build.0 = Debug|Any CPU
		{BB7DCD06-91EF-49CC-894F-45D275A10A15}.Debug|iPhone.Deploy.0 = Debug|Any CPU
		{BB7DCD06-91EF-49CC-894F-45D275A10A15}.Debug|iPhoneSimulator.ActiveCfg = Debug|Any CPU
		{BB7DCD06-91EF-49CC-894F-45D275A10A15}.Debug|iPhoneSimulator.Build.0 = Debug|Any CPU
		{BB7DCD06-91EF-49CC-894F-45D275A10A15}.Debug|iPhoneSimulator.Deploy.0 = Debug|Any CPU
		{BB7DCD06-91EF-49CC-894F-45D275A10A15}.Release|Any CPU.ActiveCfg = Release|Any CPU
		{BB7DCD06-91EF-49CC-894F-45D275A10A15}.Release|Any CPU.Build.0 = Release|Any CPU
		{BB7DCD06-91EF-49CC-894F-45D275A10A15}.Release|Any CPU.Deploy.0 = Release|Any CPU
		{BB7DCD06-91EF-49CC-894F-45D275A10A15}.Release|iPhone.ActiveCfg = Release|Any CPU
		{BB7DCD06-91EF-49CC-894F-45D275A10A15}.Release|iPhone.Build.0 = Release|Any CPU
		{BB7DCD06-91EF-49CC-894F-45D275A10A15}.Release|iPhone.Deploy.0 = Release|Any CPU
		{BB7DCD06-91EF-49CC-894F-45D275A10A15}.Release|iPhoneSimulator.ActiveCfg = Release|Any CPU
		{BB7DCD06-91EF-49CC-894F-45D275A10A15}.Release|iPhoneSimulator.Build.0 = Release|Any CPU
		{BB7DCD06-91EF-49CC-894F-45D275A10A15}.Release|iPhoneSimulator.Deploy.0 = Release|Any CPU
	EndGlobalSection
	GlobalSection(SolutionProperties) = preSolution
		HideSolutionNode = FALSE
	EndGlobalSection
	GlobalSection(ExtensibilityGlobals) = postSolution
		SolutionGuid = {490FB944-5211-44B4-9FA3-D5F8E5782776}
	EndGlobalSection
EndGlobal
